
Microsoft Visual Studio Solution File, Format Version 12.00
# Visual Studio Version 17
VisualStudioVersion = 17.1.32319.34
MinimumVisualStudioVersion = 10.0.40219.1
Project("{FAE04EC0-301F-11D3-BF4B-00C04F79EFBC}") = "WebFormEducative", "WebFormEducative\WebFormEducative.csproj", "{2B40B62D-D769-4D99-8F7E-28FE4CA5FB1E}"
EndProject
Project("{FAE04EC0-301F-11D3-BF4B-00C04F79EFBC}") = "CapaDatos", "CapaDatos\CapaDatos.csproj", "{501C1C1F-6DAD-4BE8-86A5-AE3770A750D5}"
EndProject
Project("{FAE04EC0-301F-11D3-BF4B-00C04F79EFBC}") = "ReglaNegocio", "ReglaNegocio\ReglaNegocio.csproj", "{666086C6-0AFC-469C-A24B-09F601FC2961}"
EndProject
Global
	GlobalSection(SolutionConfigurationPlatforms) = preSolution
		Debug|Any CPU = Debug|Any CPU
		Release|Any CPU = Release|Any CPU
	EndGlobalSection
	GlobalSection(ProjectConfigurationPlatforms) = postSolution
		{2B40B62D-D769-4D99-8F7E-28FE4CA5FB1E}.Debug|Any CPU.ActiveCfg = Debug|Any CPU
		{2B40B62D-D769-4D99-8F7E-28FE4CA5FB1E}.Debug|Any CPU.Build.0 = Debug|Any CPU
		{2B40B62D-D769-4D99-8F7E-28FE4CA5FB1E}.Release|Any CPU.ActiveCfg = Release|Any CPU
		{2B40B62D-D769-4D99-8F7E-28FE4CA5FB1E}.Release|Any CPU.Build.0 = Release|Any CPU
		{501C1C1F-6DAD-4BE8-86A5-AE3770A750D5}.Debug|Any CPU.ActiveCfg = Debug|Any CPU
		{501C1C1F-6DAD-4BE8-86A5-AE3770A750D5}.Debug|Any CPU.Build.0 = Debug|Any CPU
		{501C1C1F-6DAD-4BE8-86A5-AE3770A750D5}.Release|Any CPU.ActiveCfg = Release|Any CPU
		{501C1C1F-6DAD-4BE8-86A5-AE3770A750D5}.Release|Any CPU.Build.0 = Release|Any CPU
		{666086C6-0AFC-469C-A24B-09F601FC2961}.Debug|Any CPU.ActiveCfg = Debug|Any CPU
		{666086C6-0AFC-469C-A24B-09F601FC2961}.Debug|Any CPU.Build.0 = Debug|Any CPU
		{666086C6-0AFC-469C-A24B-09F601FC2961}.Release|Any CPU.ActiveCfg = Release|Any CPU
		{666086C6-0AFC-469C-A24B-09F601FC2961}.Release|Any CPU.Build.0 = Release|Any CPU
	EndGlobalSection
	GlobalSection(SolutionProperties) = preSolution
		HideSolutionNode = FALSE
	EndGlobalSection
	GlobalSection(ExtensibilityGlobals) = postSolution
		SolutionGuid = {BAA953DC-58FF-4BD0-BD45-6DF181B2FB9B}
	EndGlobalSection
EndGlobal
